
Microsoft Visual Studio Solution File, Format Version 12.00
# Visual Studio Version 16
VisualStudioVersion = 16.0.30804.86
MinimumVisualStudioVersion = 10.0.40219.1
Project("{FAE04EC0-301F-11D3-BF4B-00C04F79EFBC}") = "DesafioIT", "DesafioIT\DesafioIT.csproj", "{9E75F765-B0BA-4EB7-B067-6FA006B54217}"
EndProject
Global
	GlobalSection(SolutionConfigurationPlatforms) = preSolution
		Debug|Any CPU = Debug|Any CPU
		Release|Any CPU = Release|Any CPU
	EndGlobalSection
	GlobalSection(ProjectConfigurationPlatforms) = postSolution
		{9E75F765-B0BA-4EB7-B067-6FA006B54217}.Debug|Any CPU.ActiveCfg = Debug|Any CPU
		{9E75F765-B0BA-4EB7-B067-6FA006B54217}.Debug|Any CPU.Build.0 = Debug|Any CPU
		{9E75F765-B0BA-4EB7-B067-6FA006B54217}.Release|Any CPU.ActiveCfg = Release|Any CPU
		{9E75F765-B0BA-4EB7-B067-6FA006B54217}.Release|Any CPU.Build.0 = Release|Any CPU
	EndGlobalSection
	GlobalSection(SolutionProperties) = preSolution
		HideSolutionNode = FALSE
	EndGlobalSection
	GlobalSection(ExtensibilityGlobals) = postSolution
		SolutionGuid = {340760CB-AC3E-4852-AC53-F6D5FF44BE14}
	EndGlobalSection
EndGlobal
